// !$*UTF8*$!
{
	archiveVersion = 1;
	classes = {
	};
	objectVersion = 56;
	objects = {

/* Begin PBXBuildFile section */
		4B4307322B3BC5A500204FB1 /* MainTabBarController.swift in Sources */ = {isa = PBXBuildFile; fileRef = 4B4307312B3BC5A500204FB1 /* MainTabBarController.swift */; };
		4B5B30562B55EF5B00C77C74 /* UIColor + Extension.swift in Sources */ = {isa = PBXBuildFile; fileRef = 4B5B30552B55EF5B00C77C74 /* UIColor + Extension.swift */; };
		4B5B30592B55FCF600C77C74 /* HomeService.swift in Sources */ = {isa = PBXBuildFile; fileRef = 4B5B30582B55FCF600C77C74 /* HomeService.swift */; };
		4B6106392B3E51EF007AE1EE /* MenuProfileTableViewCell.swift in Sources */ = {isa = PBXBuildFile; fileRef = 4B61062C2B3E51EF007AE1EE /* MenuProfileTableViewCell.swift */; };
		4B61063A2B3E51EF007AE1EE /* MenuProfileTableViewCellScreen.swift in Sources */ = {isa = PBXBuildFile; fileRef = 4B61062E2B3E51EF007AE1EE /* MenuProfileTableViewCellScreen.swift */; };
		4B61063C2B3E51EF007AE1EE /* MenuVC.swift in Sources */ = {isa = PBXBuildFile; fileRef = 4B6106322B3E51EF007AE1EE /* MenuVC.swift */; };
		4B61063D2B3E51EF007AE1EE /* MenuProfileViewModel.swift in Sources */ = {isa = PBXBuildFile; fileRef = 4B6106342B3E51EF007AE1EE /* MenuProfileViewModel.swift */; };
		4B61063E2B3E51EF007AE1EE /* MenuScreen.swift in Sources */ = {isa = PBXBuildFile; fileRef = 4B6106362B3E51EF007AE1EE /* MenuScreen.swift */; };
		4B61063F2B3E51EF007AE1EE /* MenuData.swift in Sources */ = {isa = PBXBuildFile; fileRef = 4B6106382B3E51EF007AE1EE /* MenuData.swift */; };
		4B6106422B3E5439007AE1EE /* MenuDataMock.json in Resources */ = {isa = PBXBuildFile; fileRef = 4B6106412B3E5439007AE1EE /* MenuDataMock.json */; };
		4B8DB5CA2B6BBC84006B02ED /* CRUDFormTableViewCell.swift in Sources */ = {isa = PBXBuildFile; fileRef = 4B8DB5C92B6BBC84006B02ED /* CRUDFormTableViewCell.swift */; };
		4B8DB5CC2B6BBCD8006B02ED /* CRUDFormTableViewCellScreen.swift in Sources */ = {isa = PBXBuildFile; fileRef = 4B8DB5CB2B6BBCD8006B02ED /* CRUDFormTableViewCellScreen.swift */; };
		4B8DB5D12B6BC5B4006B02ED /* SheetFormScreen.swift in Sources */ = {isa = PBXBuildFile; fileRef = 4B8DB5D02B6BC5B4006B02ED /* SheetFormScreen.swift */; };
		4B8DB5D32B6BC5DD006B02ED /* SheetFormVC.swift in Sources */ = {isa = PBXBuildFile; fileRef = 4B8DB5D22B6BC5DD006B02ED /* SheetFormVC.swift */; };
		4B9684F52B5AD6450078A057 /* FilterCollectionViewCell.swift in Sources */ = {isa = PBXBuildFile; fileRef = 4B9684F42B5AD6450078A057 /* FilterCollectionViewCell.swift */; };
		4B9684F72B5AD65B0078A057 /* FilterCollectionViewCellScreen.swift in Sources */ = {isa = PBXBuildFile; fileRef = 4B9684F62B5AD65B0078A057 /* FilterCollectionViewCellScreen.swift */; };
		4B96850E2B5B21920078A057 /* CardBodyCollectionViewCell.swift in Sources */ = {isa = PBXBuildFile; fileRef = 4B96850D2B5B21920078A057 /* CardBodyCollectionViewCell.swift */; };
		4B9685102B5B21B70078A057 /* CardBodyCollectionViewCellScreen.swift in Sources */ = {isa = PBXBuildFile; fileRef = 4B96850F2B5B21B70078A057 /* CardBodyCollectionViewCellScreen.swift */; };
		4B9685142B5B22420078A057 /* CellOfCardBodyMainCell.swift in Sources */ = {isa = PBXBuildFile; fileRef = 4B9685132B5B22420078A057 /* CellOfCardBodyMainCell.swift */; };
		4B9685162B5B22590078A057 /* CellOfCardBodyMainCellScreen.swift in Sources */ = {isa = PBXBuildFile; fileRef = 4B9685152B5B22590078A057 /* CellOfCardBodyMainCellScreen.swift */; };
		4BAB42362B5847F60082A3F1 /* HomeBodyCollectionViewCellScreen.swift in Sources */ = {isa = PBXBuildFile; fileRef = 4BAB42342B5847F60082A3F1 /* HomeBodyCollectionViewCellScreen.swift */; };
		4BAB42372B5847F60082A3F1 /* HomeBodyCollectionViewCell.swift in Sources */ = {isa = PBXBuildFile; fileRef = 4BAB42352B5847F60082A3F1 /* HomeBodyCollectionViewCell.swift */; };
		4BAB423F2B594F080082A3F1 /* OffersCardCollectionViewCell.swift in Sources */ = {isa = PBXBuildFile; fileRef = 4BAB423E2B594F080082A3F1 /* OffersCardCollectionViewCell.swift */; };
		4BAB42422B594FCA0082A3F1 /* OffersCardCollectionViewCellScreen.swift in Sources */ = {isa = PBXBuildFile; fileRef = 4BAB42412B594FCA0082A3F1 /* OffersCardCollectionViewCellScreen.swift */; };
		4BAB42462B5954410082A3F1 /* SearchVC.swift in Sources */ = {isa = PBXBuildFile; fileRef = 4BAB42452B5954410082A3F1 /* SearchVC.swift */; };
		4BAB42482B59545E0082A3F1 /* SearchScreen.swift in Sources */ = {isa = PBXBuildFile; fileRef = 4BAB42472B59545E0082A3F1 /* SearchScreen.swift */; };
		4BAB424C2B595DBF0082A3F1 /* RequestVC.swift in Sources */ = {isa = PBXBuildFile; fileRef = 4BAB424B2B595DBF0082A3F1 /* RequestVC.swift */; };
		4BAB424E2B595DD20082A3F1 /* RequestScreen.swift in Sources */ = {isa = PBXBuildFile; fileRef = 4BAB424D2B595DD20082A3F1 /* RequestScreen.swift */; };
		4BD226DD2B3B2C6E00CA52C6 /* AppDelegate.swift in Sources */ = {isa = PBXBuildFile; fileRef = 4BD226DC2B3B2C6E00CA52C6 /* AppDelegate.swift */; };
		4BD226DF2B3B2C6E00CA52C6 /* SceneDelegate.swift in Sources */ = {isa = PBXBuildFile; fileRef = 4BD226DE2B3B2C6E00CA52C6 /* SceneDelegate.swift */; };
		4BD226E12B3B2C6E00CA52C6 /* HomeVC.swift in Sources */ = {isa = PBXBuildFile; fileRef = 4BD226E02B3B2C6E00CA52C6 /* HomeVC.swift */; };
		4BD226E62B3B2C6F00CA52C6 /* Assets.xcassets in Resources */ = {isa = PBXBuildFile; fileRef = 4BD226E52B3B2C6F00CA52C6 /* Assets.xcassets */; };
		4BD226E92B3B2C6F00CA52C6 /* LaunchScreen.storyboard in Resources */ = {isa = PBXBuildFile; fileRef = 4BD226E72B3B2C6F00CA52C6 /* LaunchScreen.storyboard */; };
		4BD226F52B3B2E1800CA52C6 /* HomeScreen.swift in Sources */ = {isa = PBXBuildFile; fileRef = 4BD226F42B3B2E1800CA52C6 /* HomeScreen.swift */; };
		4BD226FC2B3B2F4800CA52C6 /* CACornerMask+Extension.swift in Sources */ = {isa = PBXBuildFile; fileRef = 4BD226F82B3B2F4800CA52C6 /* CACornerMask+Extension.swift */; };
		4BD226FD2B3B2F4800CA52C6 /* UIView + Extension.swift in Sources */ = {isa = PBXBuildFile; fileRef = 4BD226F92B3B2F4800CA52C6 /* UIView + Extension.swift */; };
		4BD226FE2B3B2F4800CA52C6 /* UIViewController+Extension.swift in Sources */ = {isa = PBXBuildFile; fileRef = 4BD226FA2B3B2F4800CA52C6 /* UIViewController+Extension.swift */; };
		4BD226FF2B3B2F4800CA52C6 /* String+Extension.swift in Sources */ = {isa = PBXBuildFile; fileRef = 4BD226FB2B3B2F4800CA52C6 /* String+Extension.swift */; };
		4BD227162B3B33E700CA52C6 /* LoginVC.swift in Sources */ = {isa = PBXBuildFile; fileRef = 4BD227152B3B33E700CA52C6 /* LoginVC.swift */; };
		4BD227182B3B33F800CA52C6 /* LoginScreen.swift in Sources */ = {isa = PBXBuildFile; fileRef = 4BD227172B3B33F800CA52C6 /* LoginScreen.swift */; };
		4BD2271E2B3B379A00CA52C6 /* RegisterScreen.swift in Sources */ = {isa = PBXBuildFile; fileRef = 4BD2271B2B3B379A00CA52C6 /* RegisterScreen.swift */; };
		4BD2271F2B3B379A00CA52C6 /* RegisterVC.swift in Sources */ = {isa = PBXBuildFile; fileRef = 4BD2271D2B3B379A00CA52C6 /* RegisterVC.swift */; };
		4BD227222B3B7C1000CA52C6 /* Alert.swift in Sources */ = {isa = PBXBuildFile; fileRef = 4BD227212B3B7C1000CA52C6 /* Alert.swift */; };
		4BD227252B3B7DE700CA52C6 /* GoogleService-Info.plist in Resources */ = {isa = PBXBuildFile; fileRef = 4BD227242B3B7DE700CA52C6 /* GoogleService-Info.plist */; };
		4BD7168E2B3DED0300510792 /* HomeViewModel.swift in Sources */ = {isa = PBXBuildFile; fileRef = 4BD7168D2B3DED0300510792 /* HomeViewModel.swift */; };
		4BD716912B3DED2D00510792 /* HomeModel.swift in Sources */ = {isa = PBXBuildFile; fileRef = 4BD716902B3DED2D00510792 /* HomeModel.swift */; };
		4BD7169A2B3DEE3A00510792 /* CardsCollectionViewCell.swift in Sources */ = {isa = PBXBuildFile; fileRef = 4BD716992B3DEE3A00510792 /* CardsCollectionViewCell.swift */; };
		4BD7169D2B3DEE5D00510792 /* CardsCollectionViewCellScreen.swift in Sources */ = {isa = PBXBuildFile; fileRef = 4BD7169C2B3DEE5D00510792 /* CardsCollectionViewCellScreen.swift */; };
		4BD716BE2B3E4EE700510792 /* MenuProfileService.swift in Sources */ = {isa = PBXBuildFile; fileRef = 4BD716BC2B3E4EE700510792 /* MenuProfileService.swift */; };
		4BD716BF2B3E4EE700510792 /* GenericService.swift in Sources */ = {isa = PBXBuildFile; fileRef = 4BD716BD2B3E4EE700510792 /* GenericService.swift */; };
		4BF6A1D92B6AF398001D6F8D /* StockManagementVC.swift in Sources */ = {isa = PBXBuildFile; fileRef = 4BF6A1D62B6AF398001D6F8D /* StockManagementVC.swift */; };
		4BF6A1DA2B6AF398001D6F8D /* StockManagementScreen.swift in Sources */ = {isa = PBXBuildFile; fileRef = 4BF6A1D82B6AF398001D6F8D /* StockManagementScreen.swift */; };
		6E25CC3D886ABF349687AD1A /* Pods_Foodie.framework in Frameworks */ = {isa = PBXBuildFile; fileRef = E40110F24B5AE12A45C66993 /* Pods_Foodie.framework */; };
/* End PBXBuildFile section */

/* Begin PBXFileReference section */
		04455AB5087F445FEABC8308 /* Pods-Foodie.release.xcconfig */ = {isa = PBXFileReference; includeInIndex = 1; lastKnownFileType = text.xcconfig; name = "Pods-Foodie.release.xcconfig"; path = "Target Support Files/Pods-Foodie/Pods-Foodie.release.xcconfig"; sourceTree = "<group>"; };
		4B4307312B3BC5A500204FB1 /* MainTabBarController.swift */ = {isa = PBXFileReference; fileEncoding = 4; lastKnownFileType = sourcecode.swift; path = MainTabBarController.swift; sourceTree = "<group>"; };
		4B5B30552B55EF5B00C77C74 /* UIColor + Extension.swift */ = {isa = PBXFileReference; fileEncoding = 4; lastKnownFileType = sourcecode.swift; path = "UIColor + Extension.swift"; sourceTree = "<group>"; };
		4B5B30572B55F83A00C77C74 /* HomeDataMock.json */ = {isa = PBXFileReference; lastKnownFileType = text.json; path = HomeDataMock.json; sourceTree = "<group>"; };
		4B5B30582B55FCF600C77C74 /* HomeService.swift */ = {isa = PBXFileReference; fileEncoding = 4; lastKnownFileType = sourcecode.swift; path = HomeService.swift; sourceTree = "<group>"; };
		4B61062C2B3E51EF007AE1EE /* MenuProfileTableViewCell.swift */ = {isa = PBXFileReference; fileEncoding = 4; lastKnownFileType = sourcecode.swift; path = MenuProfileTableViewCell.swift; sourceTree = "<group>"; };
		4B61062E2B3E51EF007AE1EE /* MenuProfileTableViewCellScreen.swift */ = {isa = PBXFileReference; fileEncoding = 4; lastKnownFileType = sourcecode.swift; path = MenuProfileTableViewCellScreen.swift; sourceTree = "<group>"; };
		4B6106322B3E51EF007AE1EE /* MenuVC.swift */ = {isa = PBXFileReference; fileEncoding = 4; lastKnownFileType = sourcecode.swift; path = MenuVC.swift; sourceTree = "<group>"; };
		4B6106342B3E51EF007AE1EE /* MenuProfileViewModel.swift */ = {isa = PBXFileReference; fileEncoding = 4; lastKnownFileType = sourcecode.swift; path = MenuProfileViewModel.swift; sourceTree = "<group>"; };
		4B6106362B3E51EF007AE1EE /* MenuScreen.swift */ = {isa = PBXFileReference; fileEncoding = 4; lastKnownFileType = sourcecode.swift; path = MenuScreen.swift; sourceTree = "<group>"; };
		4B6106382B3E51EF007AE1EE /* MenuData.swift */ = {isa = PBXFileReference; fileEncoding = 4; lastKnownFileType = sourcecode.swift; path = MenuData.swift; sourceTree = "<group>"; };
		4B6106412B3E5439007AE1EE /* MenuDataMock.json */ = {isa = PBXFileReference; fileEncoding = 4; lastKnownFileType = text.json; path = MenuDataMock.json; sourceTree = "<group>"; };
		4B8DB5C92B6BBC84006B02ED /* CRUDFormTableViewCell.swift */ = {isa = PBXFileReference; lastKnownFileType = sourcecode.swift; path = CRUDFormTableViewCell.swift; sourceTree = "<group>"; };
		4B8DB5CB2B6BBCD8006B02ED /* CRUDFormTableViewCellScreen.swift */ = {isa = PBXFileReference; lastKnownFileType = sourcecode.swift; path = CRUDFormTableViewCellScreen.swift; sourceTree = "<group>"; };
		4B8DB5D02B6BC5B4006B02ED /* SheetFormScreen.swift */ = {isa = PBXFileReference; lastKnownFileType = sourcecode.swift; path = SheetFormScreen.swift; sourceTree = "<group>"; };
		4B8DB5D22B6BC5DD006B02ED /* SheetFormVC.swift */ = {isa = PBXFileReference; lastKnownFileType = sourcecode.swift; path = SheetFormVC.swift; sourceTree = "<group>"; };
		4B9684F42B5AD6450078A057 /* FilterCollectionViewCell.swift */ = {isa = PBXFileReference; lastKnownFileType = sourcecode.swift; path = FilterCollectionViewCell.swift; sourceTree = "<group>"; };
		4B9684F62B5AD65B0078A057 /* FilterCollectionViewCellScreen.swift */ = {isa = PBXFileReference; lastKnownFileType = sourcecode.swift; path = FilterCollectionViewCellScreen.swift; sourceTree = "<group>"; };
		4B96850D2B5B21920078A057 /* CardBodyCollectionViewCell.swift */ = {isa = PBXFileReference; lastKnownFileType = sourcecode.swift; path = CardBodyCollectionViewCell.swift; sourceTree = "<group>"; };
		4B96850F2B5B21B70078A057 /* CardBodyCollectionViewCellScreen.swift */ = {isa = PBXFileReference; lastKnownFileType = sourcecode.swift; path = CardBodyCollectionViewCellScreen.swift; sourceTree = "<group>"; };
		4B9685132B5B22420078A057 /* CellOfCardBodyMainCell.swift */ = {isa = PBXFileReference; lastKnownFileType = sourcecode.swift; path = CellOfCardBodyMainCell.swift; sourceTree = "<group>"; };
		4B9685152B5B22590078A057 /* CellOfCardBodyMainCellScreen.swift */ = {isa = PBXFileReference; lastKnownFileType = sourcecode.swift; path = CellOfCardBodyMainCellScreen.swift; sourceTree = "<group>"; };
		4BAB42342B5847F60082A3F1 /* HomeBodyCollectionViewCellScreen.swift */ = {isa = PBXFileReference; fileEncoding = 4; lastKnownFileType = sourcecode.swift; path = HomeBodyCollectionViewCellScreen.swift; sourceTree = "<group>"; };
		4BAB42352B5847F60082A3F1 /* HomeBodyCollectionViewCell.swift */ = {isa = PBXFileReference; fileEncoding = 4; lastKnownFileType = sourcecode.swift; path = HomeBodyCollectionViewCell.swift; sourceTree = "<group>"; };
		4BAB423E2B594F080082A3F1 /* OffersCardCollectionViewCell.swift */ = {isa = PBXFileReference; lastKnownFileType = sourcecode.swift; path = OffersCardCollectionViewCell.swift; sourceTree = "<group>"; };
		4BAB42412B594FCA0082A3F1 /* OffersCardCollectionViewCellScreen.swift */ = {isa = PBXFileReference; lastKnownFileType = sourcecode.swift; path = OffersCardCollectionViewCellScreen.swift; sourceTree = "<group>"; };
		4BAB42452B5954410082A3F1 /* SearchVC.swift */ = {isa = PBXFileReference; lastKnownFileType = sourcecode.swift; path = SearchVC.swift; sourceTree = "<group>"; };
		4BAB42472B59545E0082A3F1 /* SearchScreen.swift */ = {isa = PBXFileReference; lastKnownFileType = sourcecode.swift; path = SearchScreen.swift; sourceTree = "<group>"; };
		4BAB424B2B595DBF0082A3F1 /* RequestVC.swift */ = {isa = PBXFileReference; lastKnownFileType = sourcecode.swift; path = RequestVC.swift; sourceTree = "<group>"; };
		4BAB424D2B595DD20082A3F1 /* RequestScreen.swift */ = {isa = PBXFileReference; lastKnownFileType = sourcecode.swift; path = RequestScreen.swift; sourceTree = "<group>"; };
		4BBEAA592B3BA14700297587 /* FirebaseCore.framework */ = {isa = PBXFileReference; explicitFileType = wrapper.framework; path = FirebaseCore.framework; sourceTree = BUILT_PRODUCTS_DIR; };
		4BD226D92B3B2C6E00CA52C6 /* Foodie.app */ = {isa = PBXFileReference; explicitFileType = wrapper.application; includeInIndex = 0; path = Foodie.app; sourceTree = BUILT_PRODUCTS_DIR; };
		4BD226DC2B3B2C6E00CA52C6 /* AppDelegate.swift */ = {isa = PBXFileReference; lastKnownFileType = sourcecode.swift; path = AppDelegate.swift; sourceTree = "<group>"; };
		4BD226DE2B3B2C6E00CA52C6 /* SceneDelegate.swift */ = {isa = PBXFileReference; lastKnownFileType = sourcecode.swift; path = SceneDelegate.swift; sourceTree = "<group>"; };
		4BD226E02B3B2C6E00CA52C6 /* HomeVC.swift */ = {isa = PBXFileReference; lastKnownFileType = sourcecode.swift; path = HomeVC.swift; sourceTree = "<group>"; };
		4BD226E52B3B2C6F00CA52C6 /* Assets.xcassets */ = {isa = PBXFileReference; lastKnownFileType = folder.assetcatalog; path = Assets.xcassets; sourceTree = "<group>"; };
		4BD226E82B3B2C6F00CA52C6 /* Base */ = {isa = PBXFileReference; lastKnownFileType = file.storyboard; name = Base; path = Base.lproj/LaunchScreen.storyboard; sourceTree = "<group>"; };
		4BD226EA2B3B2C6F00CA52C6 /* Info.plist */ = {isa = PBXFileReference; lastKnownFileType = text.plist.xml; path = Info.plist; sourceTree = "<group>"; };
		4BD226F42B3B2E1800CA52C6 /* HomeScreen.swift */ = {isa = PBXFileReference; lastKnownFileType = sourcecode.swift; path = HomeScreen.swift; sourceTree = "<group>"; };
		4BD226F82B3B2F4800CA52C6 /* CACornerMask+Extension.swift */ = {isa = PBXFileReference; fileEncoding = 4; lastKnownFileType = sourcecode.swift; path = "CACornerMask+Extension.swift"; sourceTree = "<group>"; };
		4BD226F92B3B2F4800CA52C6 /* UIView + Extension.swift */ = {isa = PBXFileReference; fileEncoding = 4; lastKnownFileType = sourcecode.swift; path = "UIView + Extension.swift"; sourceTree = "<group>"; };
		4BD226FA2B3B2F4800CA52C6 /* UIViewController+Extension.swift */ = {isa = PBXFileReference; fileEncoding = 4; lastKnownFileType = sourcecode.swift; path = "UIViewController+Extension.swift"; sourceTree = "<group>"; };
		4BD226FB2B3B2F4800CA52C6 /* String+Extension.swift */ = {isa = PBXFileReference; fileEncoding = 4; lastKnownFileType = sourcecode.swift; path = "String+Extension.swift"; sourceTree = "<group>"; };
		4BD227152B3B33E700CA52C6 /* LoginVC.swift */ = {isa = PBXFileReference; lastKnownFileType = sourcecode.swift; path = LoginVC.swift; sourceTree = "<group>"; };
		4BD227172B3B33F800CA52C6 /* LoginScreen.swift */ = {isa = PBXFileReference; lastKnownFileType = sourcecode.swift; path = LoginScreen.swift; sourceTree = "<group>"; };
		4BD2271B2B3B379A00CA52C6 /* RegisterScreen.swift */ = {isa = PBXFileReference; fileEncoding = 4; lastKnownFileType = sourcecode.swift; path = RegisterScreen.swift; sourceTree = "<group>"; };
		4BD2271D2B3B379A00CA52C6 /* RegisterVC.swift */ = {isa = PBXFileReference; fileEncoding = 4; lastKnownFileType = sourcecode.swift; path = RegisterVC.swift; sourceTree = "<group>"; };
		4BD227212B3B7C1000CA52C6 /* Alert.swift */ = {isa = PBXFileReference; fileEncoding = 4; lastKnownFileType = sourcecode.swift; path = Alert.swift; sourceTree = "<group>"; };
		4BD227242B3B7DE700CA52C6 /* GoogleService-Info.plist */ = {isa = PBXFileReference; fileEncoding = 4; lastKnownFileType = text.plist.xml; path = "GoogleService-Info.plist"; sourceTree = "<group>"; };
		4BD7168D2B3DED0300510792 /* HomeViewModel.swift */ = {isa = PBXFileReference; lastKnownFileType = sourcecode.swift; path = HomeViewModel.swift; sourceTree = "<group>"; };
		4BD716902B3DED2D00510792 /* HomeModel.swift */ = {isa = PBXFileReference; lastKnownFileType = sourcecode.swift; path = HomeModel.swift; sourceTree = "<group>"; };
		4BD716992B3DEE3A00510792 /* CardsCollectionViewCell.swift */ = {isa = PBXFileReference; lastKnownFileType = sourcecode.swift; path = CardsCollectionViewCell.swift; sourceTree = "<group>"; };
		4BD7169C2B3DEE5D00510792 /* CardsCollectionViewCellScreen.swift */ = {isa = PBXFileReference; lastKnownFileType = sourcecode.swift; path = CardsCollectionViewCellScreen.swift; sourceTree = "<group>"; };
		4BD716BC2B3E4EE700510792 /* MenuProfileService.swift */ = {isa = PBXFileReference; fileEncoding = 4; lastKnownFileType = sourcecode.swift; path = MenuProfileService.swift; sourceTree = "<group>"; };
		4BD716BD2B3E4EE700510792 /* GenericService.swift */ = {isa = PBXFileReference; fileEncoding = 4; lastKnownFileType = sourcecode.swift; path = GenericService.swift; sourceTree = "<group>"; };
		4BF6A1D62B6AF398001D6F8D /* StockManagementVC.swift */ = {isa = PBXFileReference; fileEncoding = 4; lastKnownFileType = sourcecode.swift; path = StockManagementVC.swift; sourceTree = "<group>"; };
		4BF6A1D82B6AF398001D6F8D /* StockManagementScreen.swift */ = {isa = PBXFileReference; fileEncoding = 4; lastKnownFileType = sourcecode.swift; path = StockManagementScreen.swift; sourceTree = "<group>"; };
		5C629D454B450215E81FC228 /* Pods-Foodie.debug.xcconfig */ = {isa = PBXFileReference; includeInIndex = 1; lastKnownFileType = text.xcconfig; name = "Pods-Foodie.debug.xcconfig"; path = "Target Support Files/Pods-Foodie/Pods-Foodie.debug.xcconfig"; sourceTree = "<group>"; };
		E40110F24B5AE12A45C66993 /* Pods_Foodie.framework */ = {isa = PBXFileReference; explicitFileType = wrapper.framework; includeInIndex = 0; path = Pods_Foodie.framework; sourceTree = BUILT_PRODUCTS_DIR; };
/* End PBXFileReference section */

/* Begin PBXFrameworksBuildPhase section */
		4BD226D62B3B2C6E00CA52C6 /* Frameworks */ = {
			isa = PBXFrameworksBuildPhase;
			buildActionMask = 2147483647;
			files = (
				6E25CC3D886ABF349687AD1A /* Pods_Foodie.framework in Frameworks */,
			);
			runOnlyForDeploymentPostprocessing = 0;
		};
/* End PBXFrameworksBuildPhase section */

/* Begin PBXGroup section */
		389D98966532E2265AD98AFB /* Frameworks */ = {
			isa = PBXGroup;
			children = (
				4BBEAA592B3BA14700297587 /* FirebaseCore.framework */,
				E40110F24B5AE12A45C66993 /* Pods_Foodie.framework */,
			);
			name = Frameworks;
			sourceTree = "<group>";
		};
		4B43072C2B3BC49700204FB1 /* Resources */ = {
			isa = PBXGroup;
			children = (
				4BD226E52B3B2C6F00CA52C6 /* Assets.xcassets */,
				4BD226DC2B3B2C6E00CA52C6 /* AppDelegate.swift */,
				4BD226DE2B3B2C6E00CA52C6 /* SceneDelegate.swift */,
			);
			path = Resources;
			sourceTree = "<group>";
		};
		4B43072F2B3BC5A500204FB1 /* MainTabBar */ = {
			isa = PBXGroup;
			children = (
				4B4307302B3BC5A500204FB1 /* ViewController */,
			);
			path = MainTabBar;
			sourceTree = "<group>";
		};
		4B4307302B3BC5A500204FB1 /* ViewController */ = {
			isa = PBXGroup;
			children = (
				4B4307312B3BC5A500204FB1 /* MainTabBarController.swift */,
			);
			path = ViewController;
			sourceTree = "<group>";
		};
		4B5B305A2B55FE6A00C77C74 /* Home */ = {
			isa = PBXGroup;
			children = (
				4B5B30582B55FCF600C77C74 /* HomeService.swift */,
			);
			path = Home;
			sourceTree = "<group>";
		};
		4B5B305B2B55FE7000C77C74 /* Menu */ = {
			isa = PBXGroup;
			children = (
				4BD716BC2B3E4EE700510792 /* MenuProfileService.swift */,
			);
			path = Menu;
			sourceTree = "<group>";
		};
		4B61062A2B3E51EF007AE1EE /* Menu */ = {
			isa = PBXGroup;
			children = (
				4B61062B2B3E51EF007AE1EE /* Cells */,
				4B6106312B3E51EF007AE1EE /* MenuVC */,
				4B6106332B3E51EF007AE1EE /* MenuViewModel */,
				4B6106352B3E51EF007AE1EE /* MenuScreen */,
				4B6106372B3E51EF007AE1EE /* Model */,
			);
			path = Menu;
			sourceTree = "<group>";
		};
		4B61062B2B3E51EF007AE1EE /* Cells */ = {
			isa = PBXGroup;
			children = (
				4B61062C2B3E51EF007AE1EE /* MenuProfileTableViewCell.swift */,
				4B61062D2B3E51EF007AE1EE /* screen */,
			);
			path = Cells;
			sourceTree = "<group>";
		};
		4B61062D2B3E51EF007AE1EE /* screen */ = {
			isa = PBXGroup;
			children = (
				4B61062E2B3E51EF007AE1EE /* MenuProfileTableViewCellScreen.swift */,
			);
			path = screen;
			sourceTree = "<group>";
		};
		4B6106312B3E51EF007AE1EE /* MenuVC */ = {
			isa = PBXGroup;
			children = (
				4B6106322B3E51EF007AE1EE /* MenuVC.swift */,
			);
			path = MenuVC;
			sourceTree = "<group>";
		};
		4B6106332B3E51EF007AE1EE /* MenuViewModel */ = {
			isa = PBXGroup;
			children = (
				4B6106342B3E51EF007AE1EE /* MenuProfileViewModel.swift */,
			);
			path = MenuViewModel;
			sourceTree = "<group>";
		};
		4B6106352B3E51EF007AE1EE /* MenuScreen */ = {
			isa = PBXGroup;
			children = (
				4B6106362B3E51EF007AE1EE /* MenuScreen.swift */,
			);
			path = MenuScreen;
			sourceTree = "<group>";
		};
		4B6106372B3E51EF007AE1EE /* Model */ = {
			isa = PBXGroup;
			children = (
				4B6106382B3E51EF007AE1EE /* MenuData.swift */,
			);
			path = Model;
			sourceTree = "<group>";
		};
		4B6106402B3E5439007AE1EE /* JSON */ = {
			isa = PBXGroup;
			children = (
				4B5B30572B55F83A00C77C74 /* HomeDataMock.json */,
				4B6106412B3E5439007AE1EE /* MenuDataMock.json */,
			);
			path = JSON;
			sourceTree = "<group>";
		};
		4B8DB5C82B6BBC39006B02ED /* screen */ = {
			isa = PBXGroup;
			children = (
				4B8DB5CB2B6BBCD8006B02ED /* CRUDFormTableViewCellScreen.swift */,
			);
			path = screen;
			sourceTree = "<group>";
		};
		4B8DB5CD2B6BC580006B02ED /* SheetForm */ = {
			isa = PBXGroup;
			children = (
				4B8DB5CF2B6BC59D006B02ED /* vc */,
				4B8DB5CE2B6BC598006B02ED /* screen */,
			);
			path = SheetForm;
			sourceTree = "<group>";
		};
		4B8DB5CE2B6BC598006B02ED /* screen */ = {
			isa = PBXGroup;
			children = (
				4B8DB5D02B6BC5B4006B02ED /* SheetFormScreen.swift */,
			);
			path = screen;
			sourceTree = "<group>";
		};
		4B8DB5CF2B6BC59D006B02ED /* vc */ = {
			isa = PBXGroup;
			children = (
				4B8DB5D22B6BC5DD006B02ED /* SheetFormVC.swift */,
			);
			path = vc;
			sourceTree = "<group>";
		};
		4B9684F22B5AD61F0078A057 /* FilterCollectionVIewCell */ = {
			isa = PBXGroup;
			children = (
				4B9684F32B5AD62B0078A057 /* screen */,
				4B9684F42B5AD6450078A057 /* FilterCollectionViewCell.swift */,
			);
			path = FilterCollectionVIewCell;
			sourceTree = "<group>";
		};
		4B9684F32B5AD62B0078A057 /* screen */ = {
			isa = PBXGroup;
			children = (
				4B9684F62B5AD65B0078A057 /* FilterCollectionViewCellScreen.swift */,
			);
			path = screen;
			sourceTree = "<group>";
		};
		4B9685072B5B20FA0078A057 /* Offers */ = {
			isa = PBXGroup;
			children = (
				4BAB42382B594CCA0082A3F1 /* OffersCollectionViewCell */,
				4BD716982B3DEE1000510792 /* CardsCollectionViewCell */,
			);
			path = Offers;
			sourceTree = "<group>";
		};
		4B9685082B5B210B0078A057 /* Filter */ = {
			isa = PBXGroup;
			children = (
				4B9684F22B5AD61F0078A057 /* FilterCollectionVIewCell */,
				4BAB42322B5847F60082A3F1 /* HomeBodyCollectionViewCell */,
			);
			path = Filter;
			sourceTree = "<group>";
		};
		4B9685092B5B213D0078A057 /* Body */ = {
			isa = PBXGroup;
			children = (
				4B96850A2B5B21480078A057 /* BodyMainCells */,
			);
			path = Body;
			sourceTree = "<group>";
		};
		4B96850A2B5B21480078A057 /* BodyMainCells */ = {
			isa = PBXGroup;
			children = (
				4B9685112B5B21ED0078A057 /* CellCardBodyMainCell */,
				4B96850B2B5B216A0078A057 /* CardBodyMainCell */,
			);
			path = BodyMainCells;
			sourceTree = "<group>";
		};
		4B96850B2B5B216A0078A057 /* CardBodyMainCell */ = {
			isa = PBXGroup;
			children = (
				4B96850C2B5B21750078A057 /* screen */,
				4B96850D2B5B21920078A057 /* CardBodyCollectionViewCell.swift */,
			);
			path = CardBodyMainCell;
			sourceTree = "<group>";
		};
		4B96850C2B5B21750078A057 /* screen */ = {
			isa = PBXGroup;
			children = (
				4B96850F2B5B21B70078A057 /* CardBodyCollectionViewCellScreen.swift */,
			);
			path = screen;
			sourceTree = "<group>";
		};
		4B9685112B5B21ED0078A057 /* CellCardBodyMainCell */ = {
			isa = PBXGroup;
			children = (
				4B9685122B5B22180078A057 /* screen */,
				4B9685132B5B22420078A057 /* CellOfCardBodyMainCell.swift */,
			);
			path = CellCardBodyMainCell;
			sourceTree = "<group>";
		};
		4B9685122B5B22180078A057 /* screen */ = {
			isa = PBXGroup;
			children = (
				4B9685152B5B22590078A057 /* CellOfCardBodyMainCellScreen.swift */,
			);
			path = screen;
			sourceTree = "<group>";
		};
		4BAB42322B5847F60082A3F1 /* HomeBodyCollectionViewCell */ = {
			isa = PBXGroup;
			children = (
				4BAB42332B5847F60082A3F1 /* Screen */,
				4BAB42352B5847F60082A3F1 /* HomeBodyCollectionViewCell.swift */,
			);
			path = HomeBodyCollectionViewCell;
			sourceTree = "<group>";
		};
		4BAB42332B5847F60082A3F1 /* Screen */ = {
			isa = PBXGroup;
			children = (
				4BAB42342B5847F60082A3F1 /* HomeBodyCollectionViewCellScreen.swift */,
			);
			path = Screen;
			sourceTree = "<group>";
		};
		4BAB42382B594CCA0082A3F1 /* OffersCollectionViewCell */ = {
			isa = PBXGroup;
			children = (
				4BAB42402B594F9F0082A3F1 /* screen */,
				4BAB423E2B594F080082A3F1 /* OffersCardCollectionViewCell.swift */,
			);
			path = OffersCollectionViewCell;
			sourceTree = "<group>";
		};
		4BAB42402B594F9F0082A3F1 /* screen */ = {
			isa = PBXGroup;
			children = (
				4BAB42412B594FCA0082A3F1 /* OffersCardCollectionViewCellScreen.swift */,
			);
			path = screen;
			sourceTree = "<group>";
		};
		4BAB42432B5953DE0082A3F1 /* Search */ = {
			isa = PBXGroup;
			children = (
				4BAB42442B5954280082A3F1 /* screen */,
				4BAB42452B5954410082A3F1 /* SearchVC.swift */,
			);
			path = Search;
			sourceTree = "<group>";
		};
		4BAB42442B5954280082A3F1 /* screen */ = {
			isa = PBXGroup;
			children = (
				4BAB42472B59545E0082A3F1 /* SearchScreen.swift */,
			);
			path = screen;
			sourceTree = "<group>";
		};
		4BAB42492B595D840082A3F1 /* Request */ = {
			isa = PBXGroup;
			children = (
				4BAB424A2B595DB00082A3F1 /* screen */,
				4BAB424B2B595DBF0082A3F1 /* RequestVC.swift */,
			);
			path = Request;
			sourceTree = "<group>";
		};
		4BAB424A2B595DB00082A3F1 /* screen */ = {
			isa = PBXGroup;
			children = (
				4BAB424D2B595DD20082A3F1 /* RequestScreen.swift */,
			);
			path = screen;
			sourceTree = "<group>";
		};
		4BD226D02B3B2C6E00CA52C6 = {
			isa = PBXGroup;
			children = (
				4BD226DB2B3B2C6E00CA52C6 /* Foodie */,
				4BD226DA2B3B2C6E00CA52C6 /* Products */,
				652489C1E6CB6B08CE919D7F /* Pods */,
				389D98966532E2265AD98AFB /* Frameworks */,
			);
			sourceTree = "<group>";
		};
		4BD226DA2B3B2C6E00CA52C6 /* Products */ = {
			isa = PBXGroup;
			children = (
				4BD226D92B3B2C6E00CA52C6 /* Foodie.app */,
			);
			name = Products;
			sourceTree = "<group>";
		};
		4BD226DB2B3B2C6E00CA52C6 /* Foodie */ = {
			isa = PBXGroup;
			children = (
				4B6106402B3E5439007AE1EE /* JSON */,
				4BD716BB2B3E4EE700510792 /* Service */,
				4B43072C2B3BC49700204FB1 /* Resources */,
				4BD227202B3B7C0200CA52C6 /* Alert */,
				4BD226F62B3B2EEE00CA52C6 /* Utils */,
				4BD226F02B3B2C9C00CA52C6 /* Scenes */,
				4BD226E72B3B2C6F00CA52C6 /* LaunchScreen.storyboard */,
				4BD227242B3B7DE700CA52C6 /* GoogleService-Info.plist */,
				4BD226EA2B3B2C6F00CA52C6 /* Info.plist */,
			);
			path = Foodie;
			sourceTree = "<group>";
		};
		4BD226F02B3B2C9C00CA52C6 /* Scenes */ = {
			isa = PBXGroup;
			children = (
				4BD716A52B3E15DE00510792 /* Authentication */,
				4BD227232B3B7C4F00CA52C6 /* TabBar */,
			);
			path = Scenes;
			sourceTree = "<group>";
		};
		4BD226F12B3B2CAE00CA52C6 /* Home */ = {
			isa = PBXGroup;
			children = (
				4BD716852B3DE7CD00510792 /* Cells */,
				4BD7168F2B3DED1A00510792 /* Model */,
				4BD7168C2B3DECEC00510792 /* ViewModel */,
				4BD226F32B3B2DF000CA52C6 /* VC */,
				4BD226F22B3B2DD800CA52C6 /* Screen */,
			);
			path = Home;
			sourceTree = "<group>";
		};
		4BD226F22B3B2DD800CA52C6 /* Screen */ = {
			isa = PBXGroup;
			children = (
				4BD226F42B3B2E1800CA52C6 /* HomeScreen.swift */,
			);
			path = Screen;
			sourceTree = "<group>";
		};
		4BD226F32B3B2DF000CA52C6 /* VC */ = {
			isa = PBXGroup;
			children = (
				4BD226E02B3B2C6E00CA52C6 /* HomeVC.swift */,
			);
			path = VC;
			sourceTree = "<group>";
		};
		4BD226F62B3B2EEE00CA52C6 /* Utils */ = {
			isa = PBXGroup;
			children = (
				4BD226F72B3B2F4800CA52C6 /* Extensions */,
			);
			path = Utils;
			sourceTree = "<group>";
		};
		4BD226F72B3B2F4800CA52C6 /* Extensions */ = {
			isa = PBXGroup;
			children = (
				4BD226F82B3B2F4800CA52C6 /* CACornerMask+Extension.swift */,
				4BD226F92B3B2F4800CA52C6 /* UIView + Extension.swift */,
				4BD226FA2B3B2F4800CA52C6 /* UIViewController+Extension.swift */,
				4BD226FB2B3B2F4800CA52C6 /* String+Extension.swift */,
				4B5B30552B55EF5B00C77C74 /* UIColor + Extension.swift */,
			);
			path = Extensions;
			sourceTree = "<group>";
		};
		4BD2270E2B3B32BF00CA52C6 /* Login */ = {
			isa = PBXGroup;
			children = (
				4BD227112B3B32DD00CA52C6 /* VC */,
				4BD227132B3B32DD00CA52C6 /* Screen */,
			);
			path = Login;
			sourceTree = "<group>";
		};
		4BD227112B3B32DD00CA52C6 /* VC */ = {
			isa = PBXGroup;
			children = (
				4BD227152B3B33E700CA52C6 /* LoginVC.swift */,
			);
			path = VC;
			sourceTree = "<group>";
		};
		4BD227132B3B32DD00CA52C6 /* Screen */ = {
			isa = PBXGroup;
			children = (
				4BD227172B3B33F800CA52C6 /* LoginScreen.swift */,
			);
			path = Screen;
			sourceTree = "<group>";
		};
		4BD227192B3B378A00CA52C6 /* Register */ = {
			isa = PBXGroup;
			children = (
				4BD2271A2B3B379A00CA52C6 /* Screen */,
				4BD2271C2B3B379A00CA52C6 /* VC */,
			);
			path = Register;
			sourceTree = "<group>";
		};
		4BD2271A2B3B379A00CA52C6 /* Screen */ = {
			isa = PBXGroup;
			children = (
				4BD2271B2B3B379A00CA52C6 /* RegisterScreen.swift */,
			);
			path = Screen;
			sourceTree = "<group>";
		};
		4BD2271C2B3B379A00CA52C6 /* VC */ = {
			isa = PBXGroup;
			children = (
				4BD2271D2B3B379A00CA52C6 /* RegisterVC.swift */,
			);
			path = VC;
			sourceTree = "<group>";
		};
		4BD227202B3B7C0200CA52C6 /* Alert */ = {
			isa = PBXGroup;
			children = (
				4BD227212B3B7C1000CA52C6 /* Alert.swift */,
			);
			path = Alert;
			sourceTree = "<group>";
		};
		4BD227232B3B7C4F00CA52C6 /* TabBar */ = {
			isa = PBXGroup;
			children = (
				4B43072F2B3BC5A500204FB1 /* MainTabBar */,
				4BAB42492B595D840082A3F1 /* Request */,
				4BAB42432B5953DE0082A3F1 /* Search */,
				4BD226F12B3B2CAE00CA52C6 /* Home */,
				4BD716A02B3DF5AA00510792 /* MenuSettings */,
			);
			path = TabBar;
			sourceTree = "<group>";
		};
		4BD716852B3DE7CD00510792 /* Cells */ = {
			isa = PBXGroup;
			children = (
				4B9685092B5B213D0078A057 /* Body */,
				4B9685072B5B20FA0078A057 /* Offers */,
				4B9685082B5B210B0078A057 /* Filter */,
			);
			path = Cells;
			sourceTree = "<group>";
		};
		4BD7168C2B3DECEC00510792 /* ViewModel */ = {
			isa = PBXGroup;
			children = (
				4BD7168D2B3DED0300510792 /* HomeViewModel.swift */,
			);
			path = ViewModel;
			sourceTree = "<group>";
		};
		4BD7168F2B3DED1A00510792 /* Model */ = {
			isa = PBXGroup;
			children = (
				4BD716902B3DED2D00510792 /* HomeModel.swift */,
			);
			path = Model;
			sourceTree = "<group>";
		};
		4BD716982B3DEE1000510792 /* CardsCollectionViewCell */ = {
			isa = PBXGroup;
			children = (
				4BD7169B2B3DEE4400510792 /* screen */,
				4BD716992B3DEE3A00510792 /* CardsCollectionViewCell.swift */,
			);
			path = CardsCollectionViewCell;
			sourceTree = "<group>";
		};
		4BD7169B2B3DEE4400510792 /* screen */ = {
			isa = PBXGroup;
			children = (
				4BD7169C2B3DEE5D00510792 /* CardsCollectionViewCellScreen.swift */,
			);
			path = screen;
			sourceTree = "<group>";
		};
		4BD716A02B3DF5AA00510792 /* MenuSettings */ = {
			isa = PBXGroup;
			children = (
				4B61062A2B3E51EF007AE1EE /* Menu */,
				4BF6A1D22B6AF398001D6F8D /* InventoyManagement */,
				4B8DB5CD2B6BC580006B02ED /* SheetForm */,
			);
			path = MenuSettings;
			sourceTree = "<group>";
		};
		4BD716A52B3E15DE00510792 /* Authentication */ = {
			isa = PBXGroup;
			children = (
				4BD2270E2B3B32BF00CA52C6 /* Login */,
				4BD227192B3B378A00CA52C6 /* Register */,
			);
			path = Authentication;
			sourceTree = "<group>";
		};
		4BD716BB2B3E4EE700510792 /* Service */ = {
			isa = PBXGroup;
			children = (
				4BD716BD2B3E4EE700510792 /* GenericService.swift */,
				4B5B305B2B55FE7000C77C74 /* Menu */,
				4B5B305A2B55FE6A00C77C74 /* Home */,
			);
			path = Service;
			sourceTree = "<group>";
		};
		4BF6A1D22B6AF398001D6F8D /* InventoyManagement */ = {
			isa = PBXGroup;
			children = (
				4BF6A1D32B6AF398001D6F8D /* ViewModel */,
				4BF6A1D42B6AF398001D6F8D /* Cells */,
				4BF6A1D52B6AF398001D6F8D /* VC */,
				4BF6A1D72B6AF398001D6F8D /* screen */,
			);
			name = InventoyManagement;
			path = "../../../../../../../BackFront+/message + ViewCode/MessageViewCode/Alert/InventoyManagement";
			sourceTree = "<group>";
		};
		4BF6A1D32B6AF398001D6F8D /* ViewModel */ = {
			isa = PBXGroup;
			children = (
			);
			path = ViewModel;
			sourceTree = "<group>";
		};
		4BF6A1D42B6AF398001D6F8D /* Cells */ = {
			isa = PBXGroup;
			children = (
				4B8DB5C82B6BBC39006B02ED /* screen */,
				4B8DB5C92B6BBC84006B02ED /* CRUDFormTableViewCell.swift */,
			);
			path = Cells;
			sourceTree = "<group>";
		};
		4BF6A1D52B6AF398001D6F8D /* VC */ = {
			isa = PBXGroup;
			children = (
				4BF6A1D62B6AF398001D6F8D /* StockManagementVC.swift */,
			);
			path = VC;
			sourceTree = "<group>";
		};
		4BF6A1D72B6AF398001D6F8D /* screen */ = {
			isa = PBXGroup;
			children = (
				4BF6A1D82B6AF398001D6F8D /* StockManagementScreen.swift */,
			);
			path = screen;
			sourceTree = "<group>";
		};
		652489C1E6CB6B08CE919D7F /* Pods */ = {
			isa = PBXGroup;
			children = (
				5C629D454B450215E81FC228 /* Pods-Foodie.debug.xcconfig */,
				04455AB5087F445FEABC8308 /* Pods-Foodie.release.xcconfig */,
			);
			path = Pods;
			sourceTree = "<group>";
		};
/* End PBXGroup section */

/* Begin PBXNativeTarget section */
		4BD226D82B3B2C6E00CA52C6 /* Foodie */ = {
			isa = PBXNativeTarget;
			buildConfigurationList = 4BD226ED2B3B2C6F00CA52C6 /* Build configuration list for PBXNativeTarget "Foodie" */;
			buildPhases = (
				A623ACD8A8F6B7FE764851F5 /* [CP] Check Pods Manifest.lock */,
				4BD226D52B3B2C6E00CA52C6 /* Sources */,
				4BD226D62B3B2C6E00CA52C6 /* Frameworks */,
				4BD226D72B3B2C6E00CA52C6 /* Resources */,
				EB1A0B2A9FEC7899168A4973 /* [CP] Embed Pods Frameworks */,
			);
			buildRules = (
			);
			dependencies = (
			);
			name = Foodie;
			productName = Foodie;
			productReference = 4BD226D92B3B2C6E00CA52C6 /* Foodie.app */;
			productType = "com.apple.product-type.application";
		};
/* End PBXNativeTarget section */

/* Begin PBXProject section */
		4BD226D12B3B2C6E00CA52C6 /* Project object */ = {
			isa = PBXProject;
			attributes = {
				BuildIndependentTargetsInParallel = 1;
				LastSwiftUpdateCheck = 1510;
				LastUpgradeCheck = 1510;
				TargetAttributes = {
					4BD226D82B3B2C6E00CA52C6 = {
						CreatedOnToolsVersion = 15.1;
					};
				};
			};
			buildConfigurationList = 4BD226D42B3B2C6E00CA52C6 /* Build configuration list for PBXProject "Foodie" */;
			compatibilityVersion = "Xcode 14.0";
			developmentRegion = en;
			hasScannedForEncodings = 0;
			knownRegions = (
				en,
				Base,
			);
			mainGroup = 4BD226D02B3B2C6E00CA52C6;
			productRefGroup = 4BD226DA2B3B2C6E00CA52C6 /* Products */;
			projectDirPath = "";
			projectRoot = "";
			targets = (
				4BD226D82B3B2C6E00CA52C6 /* Foodie */,
			);
		};
/* End PBXProject section */

/* Begin PBXResourcesBuildPhase section */
		4BD226D72B3B2C6E00CA52C6 /* Resources */ = {
			isa = PBXResourcesBuildPhase;
			buildActionMask = 2147483647;
			files = (
				4BD226E92B3B2C6F00CA52C6 /* LaunchScreen.storyboard in Resources */,
				4BD226E62B3B2C6F00CA52C6 /* Assets.xcassets in Resources */,
				4B6106422B3E5439007AE1EE /* MenuDataMock.json in Resources */,
				4BD227252B3B7DE700CA52C6 /* GoogleService-Info.plist in Resources */,
			);
			runOnlyForDeploymentPostprocessing = 0;
		};
/* End PBXResourcesBuildPhase section */

/* Begin PBXShellScriptBuildPhase section */
		A623ACD8A8F6B7FE764851F5 /* [CP] Check Pods Manifest.lock */ = {
			isa = PBXShellScriptBuildPhase;
			buildActionMask = 2147483647;
			files = (
			);
			inputFileListPaths = (
			);
			inputPaths = (
				"${PODS_PODFILE_DIR_PATH}/Podfile.lock",
				"${PODS_ROOT}/Manifest.lock",
			);
			name = "[CP] Check Pods Manifest.lock";
			outputFileListPaths = (
			);
			outputPaths = (
				"$(DERIVED_FILE_DIR)/Pods-Foodie-checkManifestLockResult.txt",
			);
			runOnlyForDeploymentPostprocessing = 0;
			shellPath = /bin/sh;
			shellScript = "diff \"${PODS_PODFILE_DIR_PATH}/Podfile.lock\" \"${PODS_ROOT}/Manifest.lock\" > /dev/null\nif [ $? != 0 ] ; then\n    # print error to STDERR\n    echo \"error: The sandbox is not in sync with the Podfile.lock. Run 'pod install' or update your CocoaPods installation.\" >&2\n    exit 1\nfi\n# This output is used by Xcode 'outputs' to avoid re-running this script phase.\necho \"SUCCESS\" > \"${SCRIPT_OUTPUT_FILE_0}\"\n";
			showEnvVarsInLog = 0;
		};
		EB1A0B2A9FEC7899168A4973 /* [CP] Embed Pods Frameworks */ = {
			isa = PBXShellScriptBuildPhase;
			buildActionMask = 2147483647;
			files = (
			);
			inputFileListPaths = (
				"${PODS_ROOT}/Target Support Files/Pods-Foodie/Pods-Foodie-frameworks-${CONFIGURATION}-input-files.xcfilelist",
			);
			name = "[CP] Embed Pods Frameworks";
			outputFileListPaths = (
				"${PODS_ROOT}/Target Support Files/Pods-Foodie/Pods-Foodie-frameworks-${CONFIGURATION}-output-files.xcfilelist",
			);
			runOnlyForDeploymentPostprocessing = 0;
			shellPath = /bin/sh;
			shellScript = "\"${PODS_ROOT}/Target Support Files/Pods-Foodie/Pods-Foodie-frameworks.sh\"\n";
			showEnvVarsInLog = 0;
		};
/* End PBXShellScriptBuildPhase section */

/* Begin PBXSourcesBuildPhase section */
		4BD226D52B3B2C6E00CA52C6 /* Sources */ = {
			isa = PBXSourcesBuildPhase;
			buildActionMask = 2147483647;
			files = (
				4BAB424C2B595DBF0082A3F1 /* RequestVC.swift in Sources */,
				4BD226FF2B3B2F4800CA52C6 /* String+Extension.swift in Sources */,
				4BD226F52B3B2E1800CA52C6 /* HomeScreen.swift in Sources */,
				4BD7169D2B3DEE5D00510792 /* CardsCollectionViewCellScreen.swift in Sources */,
				4B5B30562B55EF5B00C77C74 /* UIColor + Extension.swift in Sources */,
				4BD226E12B3B2C6E00CA52C6 /* HomeVC.swift in Sources */,
				4B96850E2B5B21920078A057 /* CardBodyCollectionViewCell.swift in Sources */,
				4BD226FD2B3B2F4800CA52C6 /* UIView + Extension.swift in Sources */,
				4B61063F2B3E51EF007AE1EE /* MenuData.swift in Sources */,
				4BD716912B3DED2D00510792 /* HomeModel.swift in Sources */,
				4BD226DD2B3B2C6E00CA52C6 /* AppDelegate.swift in Sources */,
				4BAB42422B594FCA0082A3F1 /* OffersCardCollectionViewCellScreen.swift in Sources */,
				4B9684F52B5AD6450078A057 /* FilterCollectionViewCell.swift in Sources */,
				4B9685142B5B22420078A057 /* CellOfCardBodyMainCell.swift in Sources */,
				4B9685162B5B22590078A057 /* CellOfCardBodyMainCellScreen.swift in Sources */,
				4BAB424E2B595DD20082A3F1 /* RequestScreen.swift in Sources */,
				4B61063A2B3E51EF007AE1EE /* MenuProfileTableViewCellScreen.swift in Sources */,
				4BD227222B3B7C1000CA52C6 /* Alert.swift in Sources */,
				4B8DB5D32B6BC5DD006B02ED /* SheetFormVC.swift in Sources */,
				4BAB42462B5954410082A3F1 /* SearchVC.swift in Sources */,
				4B9684F72B5AD65B0078A057 /* FilterCollectionViewCellScreen.swift in Sources */,
				4B8DB5D12B6BC5B4006B02ED /* SheetFormScreen.swift in Sources */,
				4BD227162B3B33E700CA52C6 /* LoginVC.swift in Sources */,
				4B6106392B3E51EF007AE1EE /* MenuProfileTableViewCell.swift in Sources */,
				4BD226FE2B3B2F4800CA52C6 /* UIViewController+Extension.swift in Sources */,
				4BD716BE2B3E4EE700510792 /* MenuProfileService.swift in Sources */,
				4BD2271E2B3B379A00CA52C6 /* RegisterScreen.swift in Sources */,
				4BAB423F2B594F080082A3F1 /* OffersCardCollectionViewCell.swift in Sources */,
				4B9685102B5B21B70078A057 /* CardBodyCollectionViewCellScreen.swift in Sources */,
				4B61063E2B3E51EF007AE1EE /* MenuScreen.swift in Sources */,
				4BD226DF2B3B2C6E00CA52C6 /* SceneDelegate.swift in Sources */,
				4BAB42372B5847F60082A3F1 /* HomeBodyCollectionViewCell.swift in Sources */,
				4B61063C2B3E51EF007AE1EE /* MenuVC.swift in Sources */,
				4B61063D2B3E51EF007AE1EE /* MenuProfileViewModel.swift in Sources */,
				4B4307322B3BC5A500204FB1 /* MainTabBarController.swift in Sources */,
				4BAB42482B59545E0082A3F1 /* SearchScreen.swift in Sources */,
				4B8DB5CA2B6BBC84006B02ED /* CRUDFormTableViewCell.swift in Sources */,
				4BD716BF2B3E4EE700510792 /* GenericService.swift in Sources */,
				4BAB42362B5847F60082A3F1 /* HomeBodyCollectionViewCellScreen.swift in Sources */,
				4BD7169A2B3DEE3A00510792 /* CardsCollectionViewCell.swift in Sources */,
				4B5B30592B55FCF600C77C74 /* HomeService.swift in Sources */,
				4B8DB5CC2B6BBCD8006B02ED /* CRUDFormTableViewCellScreen.swift in Sources */,
				4BF6A1D92B6AF398001D6F8D /* StockManagementVC.swift in Sources */,
				4BD2271F2B3B379A00CA52C6 /* RegisterVC.swift in Sources */,
				4BD226FC2B3B2F4800CA52C6 /* CACornerMask+Extension.swift in Sources */,
				4BD7168E2B3DED0300510792 /* HomeViewModel.swift in Sources */,
				4BD227182B3B33F800CA52C6 /* LoginScreen.swift in Sources */,
				4BF6A1DA2B6AF398001D6F8D /* StockManagementScreen.swift in Sources */,
			);
			runOnlyForDeploymentPostprocessing = 0;
		};
/* End PBXSourcesBuildPhase section */

/* Begin PBXVariantGroup section */
		4BD226E72B3B2C6F00CA52C6 /* LaunchScreen.storyboard */ = {
			isa = PBXVariantGroup;
			children = (
				4BD226E82B3B2C6F00CA52C6 /* Base */,
			);
			name = LaunchScreen.storyboard;
			sourceTree = "<group>";
		};
/* End PBXVariantGroup section */

/* Begin XCBuildConfiguration section */
		4BD226EB2B3B2C6F00CA52C6 /* Debug */ = {
			isa = XCBuildConfiguration;
			buildSettings = {
				ALWAYS_SEARCH_USER_PATHS = NO;
				ASSETCATALOG_COMPILER_GENERATE_SWIFT_ASSET_SYMBOL_EXTENSIONS = YES;
				CLANG_ANALYZER_NONNULL = YES;
				CLANG_ANALYZER_NUMBER_OBJECT_CONVERSION = YES_AGGRESSIVE;
				CLANG_CXX_LANGUAGE_STANDARD = "gnu++20";
				CLANG_ENABLE_MODULES = YES;
				CLANG_ENABLE_OBJC_ARC = YES;
				CLANG_ENABLE_OBJC_WEAK = YES;
				CLANG_WARN_BLOCK_CAPTURE_AUTORELEASING = YES;
				CLANG_WARN_BOOL_CONVERSION = YES;
				CLANG_WARN_COMMA = YES;
				CLANG_WARN_CONSTANT_CONVERSION = YES;
				CLANG_WARN_DEPRECATED_OBJC_IMPLEMENTATIONS = YES;
				CLANG_WARN_DIRECT_OBJC_ISA_USAGE = YES_ERROR;
				CLANG_WARN_DOCUMENTATION_COMMENTS = YES;
				CLANG_WARN_EMPTY_BODY = YES;
				CLANG_WARN_ENUM_CONVERSION = YES;
				CLANG_WARN_INFINITE_RECURSION = YES;
				CLANG_WARN_INT_CONVERSION = YES;
				CLANG_WARN_NON_LITERAL_NULL_CONVERSION = YES;
				CLANG_WARN_OBJC_IMPLICIT_RETAIN_SELF = YES;
				CLANG_WARN_OBJC_LITERAL_CONVERSION = YES;
				CLANG_WARN_OBJC_ROOT_CLASS = YES_ERROR;
				CLANG_WARN_QUOTED_INCLUDE_IN_FRAMEWORK_HEADER = YES;
				CLANG_WARN_RANGE_LOOP_ANALYSIS = YES;
				CLANG_WARN_STRICT_PROTOTYPES = YES;
				CLANG_WARN_SUSPICIOUS_MOVE = YES;
				CLANG_WARN_UNGUARDED_AVAILABILITY = YES_AGGRESSIVE;
				CLANG_WARN_UNREACHABLE_CODE = YES;
				CLANG_WARN__DUPLICATE_METHOD_MATCH = YES;
				COPY_PHASE_STRIP = NO;
				DEBUG_INFORMATION_FORMAT = dwarf;
				ENABLE_STRICT_OBJC_MSGSEND = YES;
				ENABLE_TESTABILITY = YES;
				ENABLE_USER_SCRIPT_SANDBOXING = NO;
				GCC_C_LANGUAGE_STANDARD = gnu17;
				GCC_DYNAMIC_NO_PIC = NO;
				GCC_NO_COMMON_BLOCKS = YES;
				GCC_OPTIMIZATION_LEVEL = 0;
				GCC_PREPROCESSOR_DEFINITIONS = (
					"DEBUG=1",
					"$(inherited)",
				);
				GCC_WARN_64_TO_32_BIT_CONVERSION = YES;
				GCC_WARN_ABOUT_RETURN_TYPE = YES_ERROR;
				GCC_WARN_UNDECLARED_SELECTOR = YES;
				GCC_WARN_UNINITIALIZED_AUTOS = YES_AGGRESSIVE;
				GCC_WARN_UNUSED_FUNCTION = YES;
				GCC_WARN_UNUSED_VARIABLE = YES;
				IPHONEOS_DEPLOYMENT_TARGET = 17.2;
				LOCALIZATION_PREFERS_STRING_CATALOGS = YES;
				MTL_ENABLE_DEBUG_INFO = INCLUDE_SOURCE;
				MTL_FAST_MATH = YES;
				ONLY_ACTIVE_ARCH = YES;
				SDKROOT = iphoneos;
				SWIFT_ACTIVE_COMPILATION_CONDITIONS = "DEBUG $(inherited)";
				SWIFT_OPTIMIZATION_LEVEL = "-Onone";
			};
			name = Debug;
		};
		4BD226EC2B3B2C6F00CA52C6 /* Release */ = {
			isa = XCBuildConfiguration;
			buildSettings = {
				ALWAYS_SEARCH_USER_PATHS = NO;
				ASSETCATALOG_COMPILER_GENERATE_SWIFT_ASSET_SYMBOL_EXTENSIONS = YES;
				CLANG_ANALYZER_NONNULL = YES;
				CLANG_ANALYZER_NUMBER_OBJECT_CONVERSION = YES_AGGRESSIVE;
				CLANG_CXX_LANGUAGE_STANDARD = "gnu++20";
				CLANG_ENABLE_MODULES = YES;
				CLANG_ENABLE_OBJC_ARC = YES;
				CLANG_ENABLE_OBJC_WEAK = YES;
				CLANG_WARN_BLOCK_CAPTURE_AUTORELEASING = YES;
				CLANG_WARN_BOOL_CONVERSION = YES;
				CLANG_WARN_COMMA = YES;
				CLANG_WARN_CONSTANT_CONVERSION = YES;
				CLANG_WARN_DEPRECATED_OBJC_IMPLEMENTATIONS = YES;
				CLANG_WARN_DIRECT_OBJC_ISA_USAGE = YES_ERROR;
				CLANG_WARN_DOCUMENTATION_COMMENTS = YES;
				CLANG_WARN_EMPTY_BODY = YES;
				CLANG_WARN_ENUM_CONVERSION = YES;
				CLANG_WARN_INFINITE_RECURSION = YES;
				CLANG_WARN_INT_CONVERSION = YES;
				CLANG_WARN_NON_LITERAL_NULL_CONVERSION = YES;
				CLANG_WARN_OBJC_IMPLICIT_RETAIN_SELF = YES;
				CLANG_WARN_OBJC_LITERAL_CONVERSION = YES;
				CLANG_WARN_OBJC_ROOT_CLASS = YES_ERROR;
				CLANG_WARN_QUOTED_INCLUDE_IN_FRAMEWORK_HEADER = YES;
				CLANG_WARN_RANGE_LOOP_ANALYSIS = YES;
				CLANG_WARN_STRICT_PROTOTYPES = YES;
				CLANG_WARN_SUSPICIOUS_MOVE = YES;
				CLANG_WARN_UNGUARDED_AVAILABILITY = YES_AGGRESSIVE;
				CLANG_WARN_UNREACHABLE_CODE = YES;
				CLANG_WARN__DUPLICATE_METHOD_MATCH = YES;
				COPY_PHASE_STRIP = NO;
				DEBUG_INFORMATION_FORMAT = "dwarf-with-dsym";
				ENABLE_NS_ASSERTIONS = NO;
				ENABLE_STRICT_OBJC_MSGSEND = YES;
				ENABLE_USER_SCRIPT_SANDBOXING = NO;
				GCC_C_LANGUAGE_STANDARD = gnu17;
				GCC_NO_COMMON_BLOCKS = YES;
				GCC_WARN_64_TO_32_BIT_CONVERSION = YES;
				GCC_WARN_ABOUT_RETURN_TYPE = YES_ERROR;
				GCC_WARN_UNDECLARED_SELECTOR = YES;
				GCC_WARN_UNINITIALIZED_AUTOS = YES_AGGRESSIVE;
				GCC_WARN_UNUSED_FUNCTION = YES;
				GCC_WARN_UNUSED_VARIABLE = YES;
				IPHONEOS_DEPLOYMENT_TARGET = 17.2;
				LOCALIZATION_PREFERS_STRING_CATALOGS = YES;
				MTL_ENABLE_DEBUG_INFO = NO;
				MTL_FAST_MATH = YES;
				SDKROOT = iphoneos;
				SWIFT_COMPILATION_MODE = wholemodule;
				VALIDATE_PRODUCT = YES;
			};
			name = Release;
		};
		4BD226EE2B3B2C6F00CA52C6 /* Debug */ = {
			isa = XCBuildConfiguration;
			baseConfigurationReference = 5C629D454B450215E81FC228 /* Pods-Foodie.debug.xcconfig */;
			buildSettings = {
				ASSETCATALOG_COMPILER_APPICON_NAME = AppIcon;
				ASSETCATALOG_COMPILER_GLOBAL_ACCENT_COLOR_NAME = AccentColor;
				CODE_SIGN_STYLE = Automatic;
				CURRENT_PROJECT_VERSION = 1;
				DEVELOPMENT_TEAM = B4R97N34U3;
				GENERATE_INFOPLIST_FILE = YES;
				INFOPLIST_FILE = Foodie/Info.plist;
				INFOPLIST_KEY_UIApplicationSupportsIndirectInputEvents = YES;
				INFOPLIST_KEY_UILaunchStoryboardName = LaunchScreen;
				INFOPLIST_KEY_UIMainStoryboardFile = "";
				INFOPLIST_KEY_UISupportedInterfaceOrientations_iPad = "UIInterfaceOrientationPortrait UIInterfaceOrientationPortraitUpsideDown UIInterfaceOrientationLandscapeLeft UIInterfaceOrientationLandscapeRight";
				INFOPLIST_KEY_UISupportedInterfaceOrientations_iPhone = "UIInterfaceOrientationPortrait UIInterfaceOrientationLandscapeLeft UIInterfaceOrientationLandscapeRight";
				IPHONEOS_DEPLOYMENT_TARGET = 13.0;
				LD_RUNPATH_SEARCH_PATHS = (
					"$(inherited)",
					"@executable_path/Frameworks",
				);
				MARKETING_VERSION = 1.0;
				PRODUCT_BUNDLE_IDENTIFIER = XA1.Foodie;
				PRODUCT_NAME = "$(TARGET_NAME)";
				SUPPORTED_PLATFORMS = "iphoneos iphonesimulator";
				SUPPORTS_MACCATALYST = NO;
				SUPPORTS_MAC_DESIGNED_FOR_IPHONE_IPAD = NO;
				SWIFT_EMIT_LOC_STRINGS = YES;
				SWIFT_VERSION = 5.0;
				TARGETED_DEVICE_FAMILY = "1,2";
			};
			name = Debug;
		};
		4BD226EF2B3B2C6F00CA52C6 /* Release */ = {
			isa = XCBuildConfiguration;
			baseConfigurationReference = 04455AB5087F445FEABC8308 /* Pods-Foodie.release.xcconfig */;
			buildSettings = {
				ASSETCATALOG_COMPILER_APPICON_NAME = AppIcon;
				ASSETCATALOG_COMPILER_GLOBAL_ACCENT_COLOR_NAME = AccentColor;
				CODE_SIGN_STYLE = Automatic;
				CURRENT_PROJECT_VERSION = 1;
				DEVELOPMENT_TEAM = B4R97N34U3;
				GENERATE_INFOPLIST_FILE = YES;
				INFOPLIST_FILE = Foodie/Info.plist;
				INFOPLIST_KEY_UIApplicationSupportsIndirectInputEvents = YES;
				INFOPLIST_KEY_UILaunchStoryboardName = LaunchScreen;
				INFOPLIST_KEY_UIMainStoryboardFile = "";
				INFOPLIST_KEY_UISupportedInterfaceOrientations_iPad = "UIInterfaceOrientationPortrait UIInterfaceOrientationPortraitUpsideDown UIInterfaceOrientationLandscapeLeft UIInterfaceOrientationLandscapeRight";
				INFOPLIST_KEY_UISupportedInterfaceOrientations_iPhone = "UIInterfaceOrientationPortrait UIInterfaceOrientationLandscapeLeft UIInterfaceOrientationLandscapeRight";
				IPHONEOS_DEPLOYMENT_TARGET = 13.0;
				LD_RUNPATH_SEARCH_PATHS = (
					"$(inherited)",
					"@executable_path/Frameworks",
				);
				MARKETING_VERSION = 1.0;
				PRODUCT_BUNDLE_IDENTIFIER = XA1.Foodie;
				PRODUCT_NAME = "$(TARGET_NAME)";
				SUPPORTED_PLATFORMS = "iphoneos iphonesimulator";
				SUPPORTS_MACCATALYST = NO;
				SUPPORTS_MAC_DESIGNED_FOR_IPHONE_IPAD = NO;
				SWIFT_EMIT_LOC_STRINGS = YES;
				SWIFT_VERSION = 5.0;
				TARGETED_DEVICE_FAMILY = "1,2";
			};
			name = Release;
		};
/* End XCBuildConfiguration section */

/* Begin XCConfigurationList section */
		4BD226D42B3B2C6E00CA52C6 /* Build configuration list for PBXProject "Foodie" */ = {
			isa = XCConfigurationList;
			buildConfigurations = (
				4BD226EB2B3B2C6F00CA52C6 /* Debug */,
				4BD226EC2B3B2C6F00CA52C6 /* Release */,
			);
			defaultConfigurationIsVisible = 0;
			defaultConfigurationName = Release;
		};
		4BD226ED2B3B2C6F00CA52C6 /* Build configuration list for PBXNativeTarget "Foodie" */ = {
			isa = XCConfigurationList;
			buildConfigurations = (
				4BD226EE2B3B2C6F00CA52C6 /* Debug */,
				4BD226EF2B3B2C6F00CA52C6 /* Release */,
			);
			defaultConfigurationIsVisible = 0;
			defaultConfigurationName = Release;
		};
/* End XCConfigurationList section */
	};
	rootObject = 4BD226D12B3B2C6E00CA52C6 /* Project object */;
}
